Microsoft Visual Studio Solution File, Format Version 11.00
# Visual Studio 2010
Project("{8BC9CEB8-8B4A-11D0-8D11-00A0C91BC942}") = "online_structured_svm", "online_structured_svm.vcxproj", "{866A638E-093D-4E48-8FB9-83856B77713C}"
EndProject
Project("{8BC9CEB8-8B4A-11D0-8D11-00A0C91BC942}") = "structured_svm_multiclass", "examples\windows\structured_svm_multiclass.vcxproj", "{E986F3A3-86E8-4941-98D8-BF5AFF7D1FB3}"
	ProjectSection(ProjectDependencies) = postProject
		{866A638E-093D-4E48-8FB9-83856B77713C} = {866A638E-093D-4E48-8FB9-83856B77713C}
	EndProjectSection
EndProject
Global
	GlobalSection(SolutionConfigurationPlatforms) = preSolution
		Debug|Win32 = Debug|Win32
		Release|Win32 = Release|Win32
	EndGlobalSection
	GlobalSection(ProjectConfigurationPlatforms) = postSolution
		{866A638E-093D-4E48-8FB9-83856B77713C}.Debug|Win32.ActiveCfg = Debug|Win32
		{866A638E-093D-4E48-8FB9-83856B77713C}.Debug|Win32.Build.0 = Debug|Win32
		{866A638E-093D-4E48-8FB9-83856B77713C}.Release|Win32.ActiveCfg = Release|Win32
		{866A638E-093D-4E48-8FB9-83856B77713C}.Release|Win32.Build.0 = Release|Win32
		{E986F3A3-86E8-4941-98D8-BF5AFF7D1FB3}.Debug|Win32.ActiveCfg = Debug|Win32
		{E986F3A3-86E8-4941-98D8-BF5AFF7D1FB3}.Debug|Win32.Build.0 = Debug|Win32
		{E986F3A3-86E8-4941-98D8-BF5AFF7D1FB3}.Release|Win32.ActiveCfg = Release|Win32
		{E986F3A3-86E8-4941-98D8-BF5AFF7D1FB3}.Release|Win32.Build.0 = Release|Win32
	EndGlobalSection
	GlobalSection(SolutionProperties) = preSolution
		HideSolutionNode = FALSE
	EndGlobalSection
EndGlobal
